{
    "requires": true,
    "lockfileVersion": 1,
    "dependencies": {
        "core-js": {
            "version": "3.6.4",
            "resolved": "https://registry.npmjs.org/core-js/-/core-js-3.6.4.tgz",
            "integrity": "sha512-4paDGScNgZP2IXXilaffL9X7968RuvwlkK3xWtZRVqgd8SYNiVKRJvkFd1aqqEuPfN7E68ZHEp9hDj6lHj4Hyw==",
            "dev": true
        },
        "laravel-mix-polyfill": {
            "version": "2.0.0",
            "resolved": "https://registry.npmjs.org/laravel-mix-polyfill/-/laravel-mix-polyfill-2.0.0.tgz",
            "integrity": "sha512-r5OO3B82P9kA9FZPyw4v3ZBTAP474kWG08TkYI6A+hjf7eHLo+NSXq+FYLAw2LWL01I2H3pdChcPU7FJopHvaA==",
            "dev": true,
            "requires": {
                "core-js": "^2.6.9 || ^3.1.4",
                "regenerator-runtime": "^0.13.2"
            }
        },
        "regenerator-runtime": {
            "version": "0.13.5",
            "resolved": "https://registry.npmjs.org/regenerator-runtime/-/regenerator-runtime-0.13.5.tgz",
            "integrity": "sha512-ZS5w8CpKFinUzOwW3c83oPeVXoNsrLsaCoLtJvAClH135j/R77RuymhiSErhm2lKcwSCIpmvIWSbDkIfAqKQlA==",
            "dev": true
        }
    }
}
